
Microsoft Visual Studio Solution File, Format Version 12.00
# Visual Studio Version 17
VisualStudioVersion = 17.14.36603.0 d17.14
MinimumVisualStudioVersion = 10.0.40219.1
Project("{FAE04EC0-301F-11D3-BF4B-00C04F79EFBC}") = "NEON MEMERY", "NEON MEMERY\NEON MEMERY.csproj", "{C39907BF-AE90-4F7B-AA4C-A587595F1D17}"
EndProject
Global
	GlobalSection(SolutionConfigurationPlatforms) = preSolution
		Debug|Any CPU = Debug|Any CPU
		Release|Any CPU = Release|Any CPU
	EndGlobalSection
	GlobalSection(ProjectConfigurationPlatforms) = postSolution
		{C39907BF-AE90-4F7B-AA4C-A587595F1D17}.Debug|Any CPU.ActiveCfg = Debug|Any CPU
		{C39907BF-AE90-4F7B-AA4C-A587595F1D17}.Debug|Any CPU.Build.0 = Debug|Any CPU
		{C39907BF-AE90-4F7B-AA4C-A587595F1D17}.Release|Any CPU.ActiveCfg = Release|Any CPU
		{C39907BF-AE90-4F7B-AA4C-A587595F1D17}.Release|Any CPU.Build.0 = Release|Any CPU
	EndGlobalSection
	GlobalSection(SolutionProperties) = preSolution
		HideSolutionNode = FALSE
	EndGlobalSection
	GlobalSection(ExtensibilityGlobals) = postSolution
		SolutionGuid = {6D5A619D-EAC5-40B4-A88C-9DC69A0E1955}
	EndGlobalSection
EndGlobal
