
Microsoft Visual Studio Solution File, Format Version 12.00
# Visual Studio Version 17
VisualStudioVersion = 17.14.36603.0 d17.14
MinimumVisualStudioVersion = 10.0.40219.1
Project("{FAE04EC0-301F-11D3-BF4B-00C04F79EFBC}") = "симулятор NPC", "симулятор NPC\симулятор NPC.csproj", "{3A4E90C7-EEFC-4C4F-A545-652363C1CFA1}"
EndProject
Global
	GlobalSection(SolutionConfigurationPlatforms) = preSolution
		Debug|Any CPU = Debug|Any CPU
		Release|Any CPU = Release|Any CPU
	EndGlobalSection
	GlobalSection(ProjectConfigurationPlatforms) = postSolution
		{3A4E90C7-EEFC-4C4F-A545-652363C1CFA1}.Debug|Any CPU.ActiveCfg = Debug|Any CPU
		{3A4E90C7-EEFC-4C4F-A545-652363C1CFA1}.Debug|Any CPU.Build.0 = Debug|Any CPU
		{3A4E90C7-EEFC-4C4F-A545-652363C1CFA1}.Release|Any CPU.ActiveCfg = Release|Any CPU
		{3A4E90C7-EEFC-4C4F-A545-652363C1CFA1}.Release|Any CPU.Build.0 = Release|Any CPU
	EndGlobalSection
	GlobalSection(SolutionProperties) = preSolution
		HideSolutionNode = FALSE
	EndGlobalSection
	GlobalSection(ExtensibilityGlobals) = postSolution
		SolutionGuid = {F5AF9A43-31B6-419A-AA46-C62DCC9A7EF2}
	EndGlobalSection
EndGlobal
