
Microsoft Visual Studio Solution File, Format Version 12.00
# Visual Studio Version 17
VisualStudioVersion = 17.14.36603.0 d17.14
MinimumVisualStudioVersion = 10.0.40219.1
Project("{FAE04EC0-301F-11D3-BF4B-00C04F79EFBC}") = "BlackBookAppWPF", "BlackBookAppWPF\BlackBookAppWPF.csproj", "{42E0B465-4C45-4820-B853-594C27D8CB09}"
EndProject
Global
	GlobalSection(SolutionConfigurationPlatforms) = preSolution
		Debug|Any CPU = Debug|Any CPU
		Release|Any CPU = Release|Any CPU
	EndGlobalSection
	GlobalSection(ProjectConfigurationPlatforms) = postSolution
		{42E0B465-4C45-4820-B853-594C27D8CB09}.Debug|Any CPU.ActiveCfg = Debug|Any CPU
		{42E0B465-4C45-4820-B853-594C27D8CB09}.Debug|Any CPU.Build.0 = Debug|Any CPU
		{42E0B465-4C45-4820-B853-594C27D8CB09}.Release|Any CPU.ActiveCfg = Release|Any CPU
		{42E0B465-4C45-4820-B853-594C27D8CB09}.Release|Any CPU.Build.0 = Release|Any CPU
	EndGlobalSection
	GlobalSection(SolutionProperties) = preSolution
		HideSolutionNode = FALSE
	EndGlobalSection
	GlobalSection(ExtensibilityGlobals) = postSolution
		SolutionGuid = {2F845582-C9F4-42C4-8C51-4639E82CE5B5}
	EndGlobalSection
EndGlobal
