
Microsoft Visual Studio Solution File, Format Version 12.00
# Visual Studio Version 17
VisualStudioVersion = 17.14.36603.0 d17.14
MinimumVisualStudioVersion = 10.0.40219.1
Project("{FAE04EC0-301F-11D3-BF4B-00C04F79EFBC}") = "подобие echo room", "подобие echo room\подобие echo room.csproj", "{F34F449B-6884-4215-9BA9-D50F8E3E35C0}"
EndProject
Global
	GlobalSection(SolutionConfigurationPlatforms) = preSolution
		Debug|Any CPU = Debug|Any CPU
		Release|Any CPU = Release|Any CPU
	EndGlobalSection
	GlobalSection(ProjectConfigurationPlatforms) = postSolution
		{F34F449B-6884-4215-9BA9-D50F8E3E35C0}.Debug|Any CPU.ActiveCfg = Debug|Any CPU
		{F34F449B-6884-4215-9BA9-D50F8E3E35C0}.Debug|Any CPU.Build.0 = Debug|Any CPU
		{F34F449B-6884-4215-9BA9-D50F8E3E35C0}.Release|Any CPU.ActiveCfg = Release|Any CPU
		{F34F449B-6884-4215-9BA9-D50F8E3E35C0}.Release|Any CPU.Build.0 = Release|Any CPU
	EndGlobalSection
	GlobalSection(SolutionProperties) = preSolution
		HideSolutionNode = FALSE
	EndGlobalSection
	GlobalSection(ExtensibilityGlobals) = postSolution
		SolutionGuid = {907B6185-A7B5-444D-A08F-B4B200B28505}
	EndGlobalSection
EndGlobal
